
Microsoft Visual Studio Solution File, Format Version 12.00
# Visual Studio 2012
Project("{FAE04EC0-301F-11D3-BF4B-00C04F79EFBC}") = "Learning.ODataService", "Learning.ODataService\Learning.ODataService.csproj", "{93469300-2AE7-4510-A806-FA8DB7A7EB23}"
EndProject
Project("{FAE04EC0-301F-11D3-BF4B-00C04F79EFBC}") = "Learning.Data", "Learning.Data\Learning.Data.csproj", "{DD7A9582-10A8-4459-B9E9-58820AFE478E}"
EndProject
Global
	GlobalSection(SolutionConfigurationPlatforms) = preSolution
		Debug|Any CPU = Debug|Any CPU
		Release|Any CPU = Release|Any CPU
	EndGlobalSection
	GlobalSection(ProjectConfigurationPlatforms) = postSolution
		{93469300-2AE7-4510-A806-FA8DB7A7EB23}.Debug|Any CPU.ActiveCfg = Debug|Any CPU
		{93469300-2AE7-4510-A806-FA8DB7A7EB23}.Debug|Any CPU.Build.0 = Debug|Any CPU
		{93469300-2AE7-4510-A806-FA8DB7A7EB23}.Release|Any CPU.ActiveCfg = Release|Any CPU
		{93469300-2AE7-4510-A806-FA8DB7A7EB23}.Release|Any CPU.Build.0 = Release|Any CPU
		{DD7A9582-10A8-4459-B9E9-58820AFE478E}.Debug|Any CPU.ActiveCfg = Debug|Any CPU
		{DD7A9582-10A8-4459-B9E9-58820AFE478E}.Debug|Any CPU.Build.0 = Debug|Any CPU
		{DD7A9582-10A8-4459-B9E9-58820AFE478E}.Release|Any CPU.ActiveCfg = Release|Any CPU
		{DD7A9582-10A8-4459-B9E9-58820AFE478E}.Release|Any CPU.Build.0 = Release|Any CPU
	EndGlobalSection
	GlobalSection(SolutionProperties) = preSolution
		HideSolutionNode = FALSE
	EndGlobalSection
EndGlobal
